// !$*UTF8*$!
{
	archiveVersion = 1;
	classes = {
	};
	objectVersion = 50;
	objects = {

/* Begin PBXBuildFile section */
		EA3CEB572293E87300F9A7CF /* AppDelegate.m in Sources */ = {isa = PBXBuildFile; fileRef = EA3CEB562293E87300F9A7CF /* AppDelegate.m */; };
		EA3CEB5A2293E87300F9A7CF /* ViewController.m in Sources */ = {isa = PBXBuildFile; fileRef = EA3CEB592293E87300F9A7CF /* ViewController.m */; };
		EA3CEB5D2293E87300F9A7CF /* Main.storyboard in Resources */ = {isa = PBXBuildFile; fileRef = EA3CEB5B2293E87300F9A7CF /* Main.storyboard */; };
		EA3CEB5F2293E87500F9A7CF /* Assets.xcassets in Resources */ = {isa = PBXBuildFile; fileRef = EA3CEB5E2293E87500F9A7CF /* Assets.xcassets */; };
		EA3CEB622293E87500F9A7CF /* LaunchScreen.storyboard in Resources */ = {isa = PBXBuildFile; fileRef = EA3CEB602293E87500F9A7CF /* LaunchScreen.storyboard */; };
		EA3CEB652293E87500F9A7CF /* main.m in Sources */ = {isa = PBXBuildFile; fileRef = EA3CEB642293E87500F9A7CF /* main.m */; };
		EA3CEB792293F1A700F9A7CF /* CKTimeline.m in Sources */ = {isa = PBXBuildFile; fileRef = EA3CEB782293F1A700F9A7CF /* CKTimeline.m */; };
/* End PBXBuildFile section */

/* Begin PBXFileReference section */
		EA3CEB522293E87300F9A7CF /* CKTimeLineCovert.app */ = {isa = PBXFileReference; explicitFileType = wrapper.application; includeInIndex = 0; path = CKTimeLineCovert.app; sourceTree = BUILT_PRODUCTS_DIR; };
		EA3CEB552293E87300F9A7CF /* AppDelegate.h */ = {isa = PBXFileReference; lastKnownFileType = sourcecode.c.h; path = AppDelegate.h; sourceTree = "<group>"; };
		EA3CEB562293E87300F9A7CF /* AppDelegate.m */ = {isa = PBXFileReference; lastKnownFileType = sourcecode.c.objc; path = AppDelegate.m; sourceTree = "<group>"; };
		EA3CEB582293E87300F9A7CF /* ViewController.h */ = {isa = PBXFileReference; lastKnownFileType = sourcecode.c.h; path = ViewController.h; sourceTree = "<group>"; };
		EA3CEB592293E87300F9A7CF /* ViewController.m */ = {isa = PBXFileReference; lastKnownFileType = sourcecode.c.objc; path = ViewController.m; sourceTree = "<group>"; };
		EA3CEB5C2293E87300F9A7CF /* Base */ = {isa = PBXFileReference; lastKnownFileType = file.storyboard; name = Base; path = Base.lproj/Main.storyboard; sourceTree = "<group>"; };
		EA3CEB5E2293E87500F9A7CF /* Assets.xcassets */ = {isa = PBXFileReference; lastKnownFileType = folder.assetcatalog; path = Assets.xcassets; sourceTree = "<group>"; };
		EA3CEB612293E87500F9A7CF /* Base */ = {isa = PBXFileReference; lastKnownFileType = file.storyboard; name = Base; path = Base.lproj/LaunchScreen.storyboard; sourceTree = "<group>"; };
		EA3CEB632293E87500F9A7CF /* Info.plist */ = {isa = PBXFileReference; lastKnownFileType = text.plist.xml; path = Info.plist; sourceTree = "<group>"; };
		EA3CEB642293E87500F9A7CF /* main.m */ = {isa = PBXFileReference; lastKnownFileType = sourcecode.c.objc; path = main.m; sourceTree = "<group>"; };
		EA3CEB772293F1A700F9A7CF /* CKTimeline.h */ = {isa = PBXFileReference; fileEncoding = 4; lastKnownFileType = sourcecode.c.h; path = CKTimeline.h; sourceTree = "<group>"; };
		EA3CEB782293F1A700F9A7CF /* CKTimeline.m */ = {isa = PBXFileReference; fileEncoding = 4; lastKnownFileType = sourcecode.c.objc; path = CKTimeline.m; sourceTree = "<group>"; };
/* End PBXFileReference section */

/* Begin PBXFrameworksBuildPhase section */
		EA3CEB4F2293E87300F9A7CF /* Frameworks */ = {
			isa = PBXFrameworksBuildPhase;
			buildActionMask = 2147483647;
			files = (
			);
			runOnlyForDeploymentPostprocessing = 0;
		};
/* End PBXFrameworksBuildPhase section */

/* Begin PBXGroup section */
		EA3CEB492293E87300F9A7CF = {
			isa = PBXGroup;
			children = (
				EA3CEB542293E87300F9A7CF /* CKTimeLineCovert */,
				EA3CEB532293E87300F9A7CF /* Products */,
			);
			sourceTree = "<group>";
		};
		EA3CEB532293E87300F9A7CF /* Products */ = {
			isa = PBXGroup;
			children = (
				EA3CEB522293E87300F9A7CF /* CKTimeLineCovert.app */,
			);
			name = Products;
			sourceTree = "<group>";
		};
		EA3CEB542293E87300F9A7CF /* CKTimeLineCovert */ = {
			isa = PBXGroup;
			children = (
				EA3CEB762293F1A700F9A7CF /* TimeLine */,
				EA3CEB552293E87300F9A7CF /* AppDelegate.h */,
				EA3CEB562293E87300F9A7CF /* AppDelegate.m */,
				EA3CEB582293E87300F9A7CF /* ViewController.h */,
				EA3CEB592293E87300F9A7CF /* ViewController.m */,
				EA3CEB5B2293E87300F9A7CF /* Main.storyboard */,
				EA3CEB5E2293E87500F9A7CF /* Assets.xcassets */,
				EA3CEB602293E87500F9A7CF /* LaunchScreen.storyboard */,
				EA3CEB632293E87500F9A7CF /* Info.plist */,
				EA3CEB642293E87500F9A7CF /* main.m */,
			);
			path = CKTimeLineCovert;
			sourceTree = "<group>";
		};
		EA3CEB762293F1A700F9A7CF /* TimeLine */ = {
			isa = PBXGroup;
			children = (
				EA3CEB772293F1A700F9A7CF /* CKTimeline.h */,
				EA3CEB782293F1A700F9A7CF /* CKTimeline.m */,
			);
			path = TimeLine;
			sourceTree = "<group>";
		};
/* End PBXGroup section */

/* Begin PBXNativeTarget section */
		EA3CEB512293E87300F9A7CF /* CKTimeLineCovert */ = {
			isa = PBXNativeTarget;
			buildConfigurationList = EA3CEB682293E87500F9A7CF /* Build configuration list for PBXNativeTarget "CKTimeLineCovert" */;
			buildPhases = (
				EA3CEB4E2293E87300F9A7CF /* Sources */,
				EA3CEB4F2293E87300F9A7CF /* Frameworks */,
				EA3CEB502293E87300F9A7CF /* Resources */,
			);
			buildRules = (
			);
			dependencies = (
			);
			name = CKTimeLineCovert;
			productName = CKTimeLineCovert;
			productReference = EA3CEB522293E87300F9A7CF /* CKTimeLineCovert.app */;
			productType = "com.apple.product-type.application";
		};
/* End PBXNativeTarget section */

/* Begin PBXProject section */
		EA3CEB4A2293E87300F9A7CF /* Project object */ = {
			isa = PBXProject;
			attributes = {
				LastUpgradeCheck = 1020;
				ORGANIZATIONNAME = Kenway;
				TargetAttributes = {
					EA3CEB512293E87300F9A7CF = {
						CreatedOnToolsVersion = 10.2;
					};
				};
			};
			buildConfigurationList = EA3CEB4D2293E87300F9A7CF /* Build configuration list for PBXProject "CKTimeLineCovert" */;
			compatibilityVersion = "Xcode 9.3";
			developmentRegion = en;
			hasScannedForEncodings = 0;
			knownRegions = (
				en,
				Base,
			);
			mainGroup = EA3CEB492293E87300F9A7CF;
			productRefGroup = EA3CEB532293E87300F9A7CF /* Products */;
			projectDirPath = "";
			projectRoot = "";
			targets = (
				EA3CEB512293E87300F9A7CF /* CKTimeLineCovert */,
			);
		};
/* End PBXProject section */

/* Begin PBXResourcesBuildPhase section */
		EA3CEB502293E87300F9A7CF /* Resources */ = {
			isa = PBXResourcesBuildPhase;
			buildActionMask = 2147483647;
			files = (
				EA3CEB622293E87500F9A7CF /* LaunchScreen.storyboard in Resources */,
				EA3CEB5F2293E87500F9A7CF /* Assets.xcassets in Resources */,
				EA3CEB5D2293E87300F9A7CF /* Main.storyboard in Resources */,
			);
			runOnlyForDeploymentPostprocessing = 0;
		};
/* End PBXResourcesBuildPhase section */

/* Begin PBXSourcesBuildPhase section */
		EA3CEB4E2293E87300F9A7CF /* Sources */ = {
			isa = PBXSourcesBuildPhase;
			buildActionMask = 2147483647;
			files = (
				EA3CEB792293F1A700F9A7CF /* CKTimeline.m in Sources */,
				EA3CEB5A2293E87300F9A7CF /* ViewController.m in Sources */,
				EA3CEB652293E87500F9A7CF /* main.m in Sources */,
				EA3CEB572293E87300F9A7CF /* AppDelegate.m in Sources */,
			);
			runOnlyForDeploymentPostprocessing = 0;
		};
/* End PBXSourcesBuildPhase section */

/* Begin PBXVariantGroup section */
		EA3CEB5B2293E87300F9A7CF /* Main.storyboard */ = {
			isa = PBXVariantGroup;
			children = (
				EA3CEB5C2293E87300F9A7CF /* Base */,
			);
			name = Main.storyboard;
			sourceTree = "<group>";
		};
		EA3CEB602293E87500F9A7CF /* LaunchScreen.storyboard */ = {
			isa = PBXVariantGroup;
			children = (
				EA3CEB612293E87500F9A7CF /* Base */,
			);
			name = LaunchScreen.storyboard;
			sourceTree = "<group>";
		};
/* End PBXVariantGroup section */

/* Begin XCBuildConfiguration section */
		EA3CEB662293E87500F9A7CF /* Debug */ = {
			isa = XCBuildConfiguration;
			buildSettings = {
				ALWAYS_SEARCH_USER_PATHS = NO;
				CLANG_ANALYZER_NONNULL = YES;
				CLANG_ANALYZER_NUMBER_OBJECT_CONVERSION = YES_AGGRESSIVE;
				CLANG_CXX_LANGUAGE_STANDARD = "gnu++14";
				CLANG_CXX_LIBRARY = "libc++";
				CLANG_ENABLE_MODULES = YES;
				CLANG_ENABLE_OBJC_ARC = YES;
				CLANG_ENABLE_OBJC_WEAK = YES;
				CLANG_WARN_BLOCK_CAPTURE_AUTORELEASING = YES;
				CLANG_WARN_BOOL_CONVERSION = YES;
				CLANG_WARN_COMMA = YES;
				CLANG_WARN_CONSTANT_CONVERSION = YES;
				CLANG_WARN_DEPRECATED_OBJC_IMPLEMENTATIONS = YES;
				CLANG_WARN_DIRECT_OBJC_ISA_USAGE = YES_ERROR;
				CLANG_WARN_DOCUMENTATION_COMMENTS = YES;
				CLANG_WARN_EMPTY_BODY = YES;
				CLANG_WARN_ENUM_CONVERSION = YES;
				CLANG_WARN_INFINITE_RECURSION = YES;
				CLANG_WARN_INT_CONVERSION = YES;
				CLANG_WARN_NON_LITERAL_NULL_CONVERSION = YES;
				CLANG_WARN_OBJC_IMPLICIT_RETAIN_SELF = YES;
				CLANG_WARN_OBJC_LITERAL_CONVERSION = YES;
				CLANG_WARN_OBJC_ROOT_CLASS = YES_ERROR;
				CLANG_WARN_RANGE_LOOP_ANALYSIS = YES;
				CLANG_WARN_STRICT_PROTOTYPES = YES;
				CLANG_WARN_SUSPICIOUS_MOVE = YES;
				CLANG_WARN_UNGUARDED_AVAILABILITY = YES_AGGRESSIVE;
				CLANG_WARN_UNREACHABLE_CODE = YES;
				CLANG_WARN__DUPLICATE_METHOD_MATCH = YES;
				CODE_SIGN_IDENTITY = "iPhone Developer";
				COPY_PHASE_STRIP = NO;
				DEBUG_INFORMATION_FORMAT = dwarf;
				ENABLE_STRICT_OBJC_MSGSEND = YES;
				ENABLE_TESTABILITY = YES;
				GCC_C_LANGUAGE_STANDARD = gnu11;
				GCC_DYNAMIC_NO_PIC = NO;
				GCC_NO_COMMON_BLOCKS = YES;
				GCC_OPTIMIZATION_LEVEL = 0;
				GCC_PREPROCESSOR_DEFINITIONS = (
					"DEBUG=1",
					"$(inherited)",
				);
				GCC_WARN_64_TO_32_BIT_CONVERSION = YES;
				GCC_WARN_ABOUT_RETURN_TYPE = YES_ERROR;
				GCC_WARN_UNDECLARED_SELECTOR = YES;
				GCC_WARN_UNINITIALIZED_AUTOS = YES_AGGRESSIVE;
				GCC_WARN_UNUSED_FUNCTION = YES;
				GCC_WARN_UNUSED_VARIABLE = YES;
				IPHONEOS_DEPLOYMENT_TARGET = 12.2;
				MTL_ENABLE_DEBUG_INFO = INCLUDE_SOURCE;
				MTL_FAST_MATH = YES;
				ONLY_ACTIVE_ARCH = YES;
				SDKROOT = iphoneos;
			};
			name = Debug;
		};
		EA3CEB672293E87500F9A7CF /* Release */ = {
			isa = XCBuildConfiguration;
			buildSettings = {
				ALWAYS_SEARCH_USER_PATHS = NO;
				CLANG_ANALYZER_NONNULL = YES;
				CLANG_ANALYZER_NUMBER_OBJECT_CONVERSION = YES_AGGRESSIVE;
				CLANG_CXX_LANGUAGE_STANDARD = "gnu++14";
				CLANG_CXX_LIBRARY = "libc++";
				CLANG_ENABLE_MODULES = YES;
				CLANG_ENABLE_OBJC_ARC = YES;
				CLANG_ENABLE_OBJC_WEAK = YES;
				CLANG_WARN_BLOCK_CAPTURE_AUTORELEASING = YES;
				CLANG_WARN_BOOL_CONVERSION = YES;
				CLANG_WARN_COMMA = YES;
				CLANG_WARN_CONSTANT_CONVERSION = YES;
				CLANG_WARN_DEPRECATED_OBJC_IMPLEMENTATIONS = YES;
				CLANG_WARN_DIRECT_OBJC_ISA_USAGE = YES_ERROR;
				CLANG_WARN_DOCUMENTATION_COMMENTS = YES;
				CLANG_WARN_EMPTY_BODY = YES;
				CLANG_WARN_ENUM_CONVERSION = YES;
				CLANG_WARN_INFINITE_RECURSION = YES;
				CLANG_WARN_INT_CONVERSION = YES;
				CLANG_WARN_NON_LITERAL_NULL_CONVERSION = YES;
				CLANG_WARN_OBJC_IMPLICIT_RETAIN_SELF = YES;
				CLANG_WARN_OBJC_LITERAL_CONVERSION = YES;
				CLANG_WARN_OBJC_ROOT_CLASS = YES_ERROR;
				CLANG_WARN_RANGE_LOOP_ANALYSIS = YES;
				CLANG_WARN_STRICT_PROTOTYPES = YES;
				CLANG_WARN_SUSPICIOUS_MOVE = YES;
				CLANG_WARN_UNGUARDED_AVAILABILITY = YES_AGGRESSIVE;
				CLANG_WARN_UNREACHABLE_CODE = YES;
				CLANG_WARN__DUPLICATE_METHOD_MATCH = YES;
				CODE_SIGN_IDENTITY = "iPhone Developer";
				COPY_PHASE_STRIP = NO;
				DEBUG_INFORMATION_FORMAT = "dwarf-with-dsym";
				ENABLE_NS_ASSERTIONS = NO;
				ENABLE_STRICT_OBJC_MSGSEND = YES;
				GCC_C_LANGUAGE_STANDARD = gnu11;
				GCC_NO_COMMON_BLOCKS = YES;
				GCC_WARN_64_TO_32_BIT_CONVERSION = YES;
				GCC_WARN_ABOUT_RETURN_TYPE = YES_ERROR;
				GCC_WARN_UNDECLARED_SELECTOR = YES;
				GCC_WARN_UNINITIALIZED_AUTOS = YES_AGGRESSIVE;
				GCC_WARN_UNUSED_FUNCTION = YES;
				GCC_WARN_UNUSED_VARIABLE = YES;
				IPHONEOS_DEPLOYMENT_TARGET = 12.2;
				MTL_ENABLE_DEBUG_INFO = NO;
				MTL_FAST_MATH = YES;
				SDKROOT = iphoneos;
				VALIDATE_PRODUCT = YES;
			};
			name = Release;
		};
		EA3CEB692293E87500F9A7CF /* Debug */ = {
			isa = XCBuildConfiguration;
			buildSettings = {
				ASSETCATALOG_COMPILER_APPICON_NAME = AppIcon;
				CODE_SIGN_STYLE = Automatic;
				DEVELOPMENT_TEAM = 6D69UYGYW4;
				INFOPLIST_FILE = CKTimeLineCovert/Info.plist;
				LD_RUNPATH_SEARCH_PATHS = (
					"$(inherited)",
					"@executable_path/Frameworks",
				);
				PRODUCT_BUNDLE_IDENTIFIER = com.kenway.CKTimeLineCovert;
				PRODUCT_NAME = "$(TARGET_NAME)";
				TARGETED_DEVICE_FAMILY = "1,2";
			};
			name = Debug;
		};
		EA3CEB6A2293E87500F9A7CF /* Release */ = {
			isa = XCBuildConfiguration;
			buildSettings = {
				ASSETCATALOG_COMPILER_APPICON_NAME = AppIcon;
				CODE_SIGN_STYLE = Automatic;
				DEVELOPMENT_TEAM = 6D69UYGYW4;
				INFOPLIST_FILE = CKTimeLineCovert/Info.plist;
				LD_RUNPATH_SEARCH_PATHS = (
					"$(inherited)",
					"@executable_path/Frameworks",
				);
				PRODUCT_BUNDLE_IDENTIFIER = com.kenway.CKTimeLineCovert;
				PRODUCT_NAME = "$(TARGET_NAME)";
				TARGETED_DEVICE_FAMILY = "1,2";
			};
			name = Release;
		};
/* End XCBuildConfiguration section */

/* Begin XCConfigurationList section */
		EA3CEB4D2293E87300F9A7CF /* Build configuration list for PBXProject "CKTimeLineCovert" */ = {
			isa = XCConfigurationList;
			buildConfigurations = (
				EA3CEB662293E87500F9A7CF /* Debug */,
				EA3CEB672293E87500F9A7CF /* Release */,
			);
			defaultConfigurationIsVisible = 0;
			defaultConfigurationName = Release;
		};
		EA3CEB682293E87500F9A7CF /* Build configuration list for PBXNativeTarget "CKTimeLineCovert" */ = {
			isa = XCConfigurationList;
			buildConfigurations = (
				EA3CEB692293E87500F9A7CF /* Debug */,
				EA3CEB6A2293E87500F9A7CF /* Release */,
			);
			defaultConfigurationIsVisible = 0;
			defaultConfigurationName = Release;
		};
/* End XCConfigurationList section */
	};
	rootObject = EA3CEB4A2293E87300F9A7CF /* Project object */;
}
